
Microsoft Visual Studio Solution File, Format Version 10.00
# Visual Studio 2008
Project("{FAE04EC0-301F-11D3-BF4B-00C04F79EFBC}") = "PaymentProcessing", "PaymentProcessing.csproj", "{EC839A72-E8A2-4097-8C0A-9F2B3002AB71}"
EndProject
Project("{FAE04EC0-301F-11D3-BF4B-00C04F79EFBC}") = "Providers.FirstAtlanticCommerce", "Providers.FirstAtlanticCommerce\Providers.FirstAtlanticCommerce.csproj", "{A5691DCC-E0C6-4F08-915D-01CEE22E5258}"
EndProject
Global
	GlobalSection(SolutionConfigurationPlatforms) = preSolution
		Debug|Any CPU = Debug|Any CPU
		Release|Any CPU = Release|Any CPU
	EndGlobalSection
	GlobalSection(ProjectConfigurationPlatforms) = postSolution
		{EC839A72-E8A2-4097-8C0A-9F2B3002AB71}.Debug|Any CPU.ActiveCfg = Debug|Any CPU
		{EC839A72-E8A2-4097-8C0A-9F2B3002AB71}.Debug|Any CPU.Build.0 = Debug|Any CPU
		{EC839A72-E8A2-4097-8C0A-9F2B3002AB71}.Release|Any CPU.ActiveCfg = Release|Any CPU
		{EC839A72-E8A2-4097-8C0A-9F2B3002AB71}.Release|Any CPU.Build.0 = Release|Any CPU
		{A5691DCC-E0C6-4F08-915D-01CEE22E5258}.Debug|Any CPU.ActiveCfg = Debug|Any CPU
		{A5691DCC-E0C6-4F08-915D-01CEE22E5258}.Debug|Any CPU.Build.0 = Debug|Any CPU
		{A5691DCC-E0C6-4F08-915D-01CEE22E5258}.Release|Any CPU.ActiveCfg = Release|Any CPU
		{A5691DCC-E0C6-4F08-915D-01CEE22E5258}.Release|Any CPU.Build.0 = Release|Any CPU
	EndGlobalSection
	GlobalSection(SolutionProperties) = preSolution
		HideSolutionNode = FALSE
	EndGlobalSection
EndGlobal
