
Microsoft Visual Studio Solution File, Format Version 10.00
# Visual Studio 2008
Project("{FAE04EC0-301F-11D3-BF4B-00C04F79EFBC}") = "Zeus", "Zeus\Zeus.csproj", "{205892DE-129F-4F77-B5E2-41E863676BFB}"
EndProject
Project("{FAE04EC0-301F-11D3-BF4B-00C04F79EFBC}") = "Zeus.Tests", "Zeus.Tests\Zeus.Tests.csproj", "{5162314B-637B-430C-94FE-B387AA60A81B}"
EndProject
Project("{2150E333-8FDC-42A3-9474-1A3956D46DE8}") = "Core", "Core", "{9293D83E-48A0-4A7D-9FC2-0F3F191CFEB9}"
EndProject
Project("{2150E333-8FDC-42A3-9474-1A3956D46DE8}") = "Admin", "Admin", "{AAB76390-02E2-4B9A-9C8B-BC0057E660AC}"
EndProject
Project("{2150E333-8FDC-42A3-9474-1A3956D46DE8}") = "Examples", "Examples", "{951F5AA6-FECA-4A78-B5B2-32856CFED612}"
EndProject
Project("{FAE04EC0-301F-11D3-BF4B-00C04F79EFBC}") = "Zeus.Admin", "Zeus.Admin\Zeus.Admin.csproj", "{0DD839BB-FC9C-4F5B-8AD3-6A9B8B05A2EF}"
EndProject
Project("{2150E333-8FDC-42A3-9474-1A3956D46DE8}") = "AddIns", "AddIns", "{4FFD8740-F10F-453F-97FD-DAE6C34FF0CD}"
EndProject
Project("{FAE04EC0-301F-11D3-BF4B-00C04F79EFBC}") = "Zeus.Persistence.NH", "Zeus.Persistence.NH\Zeus.Persistence.NH.csproj", "{E0C2BF09-ECCD-4EC2-B2AE-D376A4A32498}"
EndProject
Project("{FAE04EC0-301F-11D3-BF4B-00C04F79EFBC}") = "Zeus.AddIns.Forums", "Zeus.AddIns.Forums\Zeus.AddIns.Forums.csproj", "{0401C41A-ED78-4410-B12E-CFCF8C6BAF2C}"
EndProject
Project("{FAE04EC0-301F-11D3-BF4B-00C04F79EFBC}") = "Zeus.AddIns.Mailouts", "Zeus.AddIns.Mailouts\Zeus.AddIns.Mailouts.csproj", "{E9B2E16C-32D2-4354-9099-876900E625C0}"
EndProject
Project("{FAE04EC0-301F-11D3-BF4B-00C04F79EFBC}") = "Zeus.Templates", "Zeus.Templates\Zeus.Templates.csproj", "{EE13987B-E700-4CC6-9AF8-0BE51FD89A0C}"
EndProject
Project("{FAE04EC0-301F-11D3-BF4B-00C04F79EFBC}") = "Zeus.Web.Mvc", "Zeus.Web.Mvc\Zeus.Web.Mvc.csproj", "{71840644-3821-463D-81B7-7ED0221D2119}"
EndProject
Project("{FAE04EC0-301F-11D3-BF4B-00C04F79EFBC}") = "MinimalMvcExample", "..\Examples\MinimalMvcExample\MinimalMvcExample.csproj", "{E56C9E34-EC5D-4A9F-992E-D93BCD82ACEF}"
EndProject
Project("{FAE04EC0-301F-11D3-BF4B-00C04F79EFBC}") = "Zeus.Templates.Mvc", "Zeus.Templates.Mvc\Zeus.Templates.Mvc.csproj", "{0ADE208D-2C8D-46AE-A433-2F21505B628C}"
EndProject
Project("{FAE04EC0-301F-11D3-BF4B-00C04F79EFBC}") = "Zeus.AddIns.Forums.Mvc", "Zeus.AddIns.Forums.Mvc\Zeus.AddIns.Forums.Mvc.csproj", "{4F45064D-15DC-4DE2-9E0F-FD38E241CF4C}"
EndProject
Project("{FAE04EC0-301F-11D3-BF4B-00C04F79EFBC}") = "Zeus.ObjectEditor", "Zeus.ObjectEditor\Zeus.ObjectEditor.csproj", "{06AC1AC0-3061-4078-8890-9017A016264F}"
EndProject
Project("{2150E333-8FDC-42A3-9474-1A3956D46DE8}") = "Solution Items", "Solution Items", "{203A0F4D-1D96-4F4C-995E-6F9505DD1D24}"
	ProjectSection(SolutionItems) = preProject
		SharedAssemblyInfo.cs = SharedAssemblyInfo.cs
	EndProjectSection
EndProject
Project("{2150E333-8FDC-42A3-9474-1A3956D46DE8}") = "Templates", "Templates", "{2609146F-D8B6-43C5-8AAD-CAF08CE85B18}"
EndProject
Project("{2150E333-8FDC-42A3-9474-1A3956D46DE8}") = "Zeus", "Zeus", "{0343E7FF-53C6-47E5-8DDF-AB265F5E9E1E}"
EndProject
Project("{2150E333-8FDC-42A3-9474-1A3956D46DE8}") = "Isis", "Isis", "{BD53D2DA-72BB-4304-9A7D-77C1C51A6A55}"
EndProject
Project("{FAE04EC0-301F-11D3-BF4B-00C04F79EFBC}") = "Isis", "Isis\Isis.csproj", "{76EF3F95-5CEC-47A8-8D99-2EF19018536C}"
EndProject
Project("{FAE04EC0-301F-11D3-BF4B-00C04F79EFBC}") = "Isis.Tests", "Isis.Tests\Isis.Tests.csproj", "{98F1C979-1307-48D2-B8B7-603A0A1DED93}"
EndProject
Project("{2150E333-8FDC-42A3-9474-1A3956D46DE8}") = "Application Blocks", "Application Blocks", "{E5182BDC-0582-4B63-B786-873A7C670567}"
EndProject
Project("{2150E333-8FDC-42A3-9474-1A3956D46DE8}") = "Framework Blocks", "Framework Blocks", "{BCB1B614-C4FF-4C6A-8431-20F9AB52F23C}"
EndProject
Project("{FAE04EC0-301F-11D3-BF4B-00C04F79EFBC}") = "Isis.FrameworkBlocks.WebSecurity", "Isis.FrameworkBlocks.WebSecurity\Isis.FrameworkBlocks.WebSecurity.csproj", "{8B13CE61-5866-47B7-BC17-041DBE7E6365}"
EndProject
Project("{FAE04EC0-301F-11D3-BF4B-00C04F79EFBC}") = "Isis.FrameworkBlocks.WebSecurity.Tests", "Isis.FrameworkBlocks.WebSecurity.Tests\Isis.FrameworkBlocks.WebSecurity.Tests.csproj", "{DD5C20FE-BE0B-4C14-B3EB-0D8055E6F16B}"
EndProject
Project("{FAE04EC0-301F-11D3-BF4B-00C04F79EFBC}") = "Isis.ApplicationBlocks.DataMigrations", "Isis.ApplicationBlocks.DataMigrations\Isis.ApplicationBlocks.DataMigrations.csproj", "{53264600-A2A8-499B-A32F-9E9EB45CEF86}"
EndProject
Project("{FAE04EC0-301F-11D3-BF4B-00C04F79EFBC}") = "Isis.ApplicationBlocks.DataMigrations.Console", "Isis.ApplicationBlocks.DataMigrations.Console\Isis.ApplicationBlocks.DataMigrations.Console.csproj", "{13208D4F-242E-4487-A31E-932213351BC8}"
EndProject
Project("{FAE04EC0-301F-11D3-BF4B-00C04F79EFBC}") = "Isis.ApplicationBlocks.PaymentProcessing", "Isis.ApplicationBlocks.PaymentProcessing\Isis.ApplicationBlocks.PaymentProcessing.csproj", "{EC839A72-E8A2-4097-8C0A-9F2B3002AB71}"
EndProject
Project("{FAE04EC0-301F-11D3-BF4B-00C04F79EFBC}") = "Isis.ApplicationBlocks.PaymentProcessing.Providers.FirstAtlanticCommerce", "Isis.ApplicationBlocks.PaymentProcessing.Providers.FirstAtlanticCommerce\Isis.ApplicationBlocks.PaymentProcessing.Providers.FirstAtlanticCommerce.csproj", "{A5691DCC-E0C6-4F08-915D-01CEE22E5258}"
EndProject
Project("{FAE04EC0-301F-11D3-BF4B-00C04F79EFBC}") = "Isis.ApplicationBlocks.PaymentProcessing.Providers.Protx", "Isis.ApplicationBlocks.PaymentProcessing.Providers.Protx\Isis.ApplicationBlocks.PaymentProcessing.Providers.Protx.csproj", "{480B28F5-C653-4E33-8B22-4C8148DAA45C}"
EndProject
Project("{FAE04EC0-301F-11D3-BF4B-00C04F79EFBC}") = "Isis.ApplicationBlocks.PaymentProcessing.Providers.Protx.Tests", "Isis.ApplicationBlocks.PaymentProcessing.Providers.Protx.Tests\Isis.ApplicationBlocks.PaymentProcessing.Providers.Protx.Tests.csproj", "{3EFA90E8-3772-4759-8221-9CF7931FDC70}"
EndProject
Project("{2150E333-8FDC-42A3-9474-1A3956D46DE8}") = "Core", "Core", "{894ABD04-BFA4-4692-960F-783A8B44E757}"
EndProject
Project("{FAE04EC0-301F-11D3-BF4B-00C04F79EFBC}") = "Isis.FrameworkBlocks.DependencyInjection", "Isis.FrameworkBlocks.DependencyInjection\Isis.FrameworkBlocks.DependencyInjection.csproj", "{9BA0268A-F699-438F-BD66-AB70361940E0}"
EndProject
Project("{FAE04EC0-301F-11D3-BF4B-00C04F79EFBC}") = "Zeus.AddIns.ECommerce", "Zeus.AddIns.ECommerce\Zeus.AddIns.ECommerce.csproj", "{E1EC7BD3-0431-4AD5-A037-F68166BD92B4}"
EndProject
Project("{FAE04EC0-301F-11D3-BF4B-00C04F79EFBC}") = "Zeus.AddIns.Blogs", "Zeus.AddIns.Blogs\Zeus.AddIns.Blogs.csproj", "{4AAC0536-6EED-457E-B26A-974C35B3BC2D}"
EndProject
Project("{FAE04EC0-301F-11D3-BF4B-00C04F79EFBC}") = "Zeus.AddIns.Blogs.Mvc", "Zeus.AddIns.Blogs.Mvc\Zeus.AddIns.Blogs.Mvc.csproj", "{574988BC-61E0-4C04-BEE3-96F0E0AD15D1}"
EndProject
Project("{FAE04EC0-301F-11D3-BF4B-00C04F79EFBC}") = "Zeus.AddIns.ECommerce.Mvc", "Zeus.AddIns.ECommerce.Mvc\Zeus.AddIns.ECommerce.Mvc.csproj", "{8347D9D0-B67F-4C9C-B0C2-A9B354CB49C2}"
EndProject
Project("{FAE04EC0-301F-11D3-BF4B-00C04F79EFBC}") = "SoundInTheory.WatercooledSport.Web", "..\..\SoundInTheory.WatercooledSport\Source\Web\SoundInTheory.WatercooledSport.Web.csproj", "{DD184C59-D4FD-4D77-BA7F-D2F4CF8511FB}"
EndProject
Project("{FAE04EC0-301F-11D3-BF4B-00C04F79EFBC}") = "Zeus.AddIns.ECommerce.PaymentGateways.SagePay", "Zeus.AddIns.ECommerce.PaymentGateways.SagePay\Zeus.AddIns.ECommerce.PaymentGateways.SagePay.csproj", "{2F01CC7A-40AE-4475-9948-E2B2EA405C13}"
EndProject
Global
	GlobalSection(SolutionConfigurationPlatforms) = preSolution
		Debug|Any CPU = Debug|Any CPU
		Documentation|Any CPU = Documentation|Any CPU
		Release|Any CPU = Release|Any CPU
	EndGlobalSection
	GlobalSection(ProjectConfigurationPlatforms) = postSolution
		{205892DE-129F-4F77-B5E2-41E863676BFB}.Debug|Any CPU.ActiveCfg = Debug|Any CPU
		{205892DE-129F-4F77-B5E2-41E863676BFB}.Debug|Any CPU.Build.0 = Debug|Any CPU
		{205892DE-129F-4F77-B5E2-41E863676BFB}.Documentation|Any CPU.ActiveCfg = Debug|Any CPU
		{205892DE-129F-4F77-B5E2-41E863676BFB}.Documentation|Any CPU.Build.0 = Debug|Any CPU
		{205892DE-129F-4F77-B5E2-41E863676BFB}.Release|Any CPU.ActiveCfg = Release|Any CPU
		{205892DE-129F-4F77-B5E2-41E863676BFB}.Release|Any CPU.Build.0 = Release|Any CPU
		{5162314B-637B-430C-94FE-B387AA60A81B}.Debug|Any CPU.ActiveCfg = Debug|Any CPU
		{5162314B-637B-430C-94FE-B387AA60A81B}.Debug|Any CPU.Build.0 = Debug|Any CPU
		{5162314B-637B-430C-94FE-B387AA60A81B}.Documentation|Any CPU.ActiveCfg = Debug|Any CPU
		{5162314B-637B-430C-94FE-B387AA60A81B}.Documentation|Any CPU.Build.0 = Debug|Any CPU
		{5162314B-637B-430C-94FE-B387AA60A81B}.Release|Any CPU.ActiveCfg = Release|Any CPU
		{5162314B-637B-430C-94FE-B387AA60A81B}.Release|Any CPU.Build.0 = Release|Any CPU
		{0DD839BB-FC9C-4F5B-8AD3-6A9B8B05A2EF}.Debug|Any CPU.ActiveCfg = Debug|Any CPU
		{0DD839BB-FC9C-4F5B-8AD3-6A9B8B05A2EF}.Debug|Any CPU.Build.0 = Debug|Any CPU
		{0DD839BB-FC9C-4F5B-8AD3-6A9B8B05A2EF}.Documentation|Any CPU.ActiveCfg = Debug|Any CPU
		{0DD839BB-FC9C-4F5B-8AD3-6A9B8B05A2EF}.Documentation|Any CPU.Build.0 = Debug|Any CPU
		{0DD839BB-FC9C-4F5B-8AD3-6A9B8B05A2EF}.Release|Any CPU.ActiveCfg = Release|Any CPU
		{0DD839BB-FC9C-4F5B-8AD3-6A9B8B05A2EF}.Release|Any CPU.Build.0 = Release|Any CPU
		{E0C2BF09-ECCD-4EC2-B2AE-D376A4A32498}.Debug|Any CPU.ActiveCfg = Debug|Any CPU
		{E0C2BF09-ECCD-4EC2-B2AE-D376A4A32498}.Debug|Any CPU.Build.0 = Debug|Any CPU
		{E0C2BF09-ECCD-4EC2-B2AE-D376A4A32498}.Documentation|Any CPU.ActiveCfg = Debug|Any CPU
		{E0C2BF09-ECCD-4EC2-B2AE-D376A4A32498}.Documentation|Any CPU.Build.0 = Debug|Any CPU
		{E0C2BF09-ECCD-4EC2-B2AE-D376A4A32498}.Release|Any CPU.ActiveCfg = Release|Any CPU
		{E0C2BF09-ECCD-4EC2-B2AE-D376A4A32498}.Release|Any CPU.Build.0 = Release|Any CPU
		{0401C41A-ED78-4410-B12E-CFCF8C6BAF2C}.Debug|Any CPU.ActiveCfg = Debug|Any CPU
		{0401C41A-ED78-4410-B12E-CFCF8C6BAF2C}.Debug|Any CPU.Build.0 = Debug|Any CPU
		{0401C41A-ED78-4410-B12E-CFCF8C6BAF2C}.Documentation|Any CPU.ActiveCfg = Debug|Any CPU
		{0401C41A-ED78-4410-B12E-CFCF8C6BAF2C}.Documentation|Any CPU.Build.0 = Debug|Any CPU
		{0401C41A-ED78-4410-B12E-CFCF8C6BAF2C}.Release|Any CPU.ActiveCfg = Release|Any CPU
		{0401C41A-ED78-4410-B12E-CFCF8C6BAF2C}.Release|Any CPU.Build.0 = Release|Any CPU
		{E9B2E16C-32D2-4354-9099-876900E625C0}.Debug|Any CPU.ActiveCfg = Debug|Any CPU
		{E9B2E16C-32D2-4354-9099-876900E625C0}.Debug|Any CPU.Build.0 = Debug|Any CPU
		{E9B2E16C-32D2-4354-9099-876900E625C0}.Documentation|Any CPU.ActiveCfg = Debug|Any CPU
		{E9B2E16C-32D2-4354-9099-876900E625C0}.Documentation|Any CPU.Build.0 = Debug|Any CPU
		{E9B2E16C-32D2-4354-9099-876900E625C0}.Release|Any CPU.ActiveCfg = Release|Any CPU
		{E9B2E16C-32D2-4354-9099-876900E625C0}.Release|Any CPU.Build.0 = Release|Any CPU
		{EE13987B-E700-4CC6-9AF8-0BE51FD89A0C}.Debug|Any CPU.ActiveCfg = Debug|Any CPU
		{EE13987B-E700-4CC6-9AF8-0BE51FD89A0C}.Debug|Any CPU.Build.0 = Debug|Any CPU
		{EE13987B-E700-4CC6-9AF8-0BE51FD89A0C}.Documentation|Any CPU.ActiveCfg = Debug|Any CPU
		{EE13987B-E700-4CC6-9AF8-0BE51FD89A0C}.Documentation|Any CPU.Build.0 = Debug|Any CPU
		{EE13987B-E700-4CC6-9AF8-0BE51FD89A0C}.Release|Any CPU.ActiveCfg = Release|Any CPU
		{EE13987B-E700-4CC6-9AF8-0BE51FD89A0C}.Release|Any CPU.Build.0 = Release|Any CPU
		{71840644-3821-463D-81B7-7ED0221D2119}.Debug|Any CPU.ActiveCfg = Debug|Any CPU
		{71840644-3821-463D-81B7-7ED0221D2119}.Debug|Any CPU.Build.0 = Debug|Any CPU
		{71840644-3821-463D-81B7-7ED0221D2119}.Documentation|Any CPU.ActiveCfg = Debug|Any CPU
		{71840644-3821-463D-81B7-7ED0221D2119}.Documentation|Any CPU.Build.0 = Debug|Any CPU
		{71840644-3821-463D-81B7-7ED0221D2119}.Release|Any CPU.ActiveCfg = Release|Any CPU
		{71840644-3821-463D-81B7-7ED0221D2119}.Release|Any CPU.Build.0 = Release|Any CPU
		{E56C9E34-EC5D-4A9F-992E-D93BCD82ACEF}.Debug|Any CPU.ActiveCfg = Debug|Any CPU
		{E56C9E34-EC5D-4A9F-992E-D93BCD82ACEF}.Debug|Any CPU.Build.0 = Debug|Any CPU
		{E56C9E34-EC5D-4A9F-992E-D93BCD82ACEF}.Documentation|Any CPU.ActiveCfg = Debug|Any CPU
		{E56C9E34-EC5D-4A9F-992E-D93BCD82ACEF}.Documentation|Any CPU.Build.0 = Debug|Any CPU
		{E56C9E34-EC5D-4A9F-992E-D93BCD82ACEF}.Release|Any CPU.ActiveCfg = Release|Any CPU
		{E56C9E34-EC5D-4A9F-992E-D93BCD82ACEF}.Release|Any CPU.Build.0 = Release|Any CPU
		{0ADE208D-2C8D-46AE-A433-2F21505B628C}.Debug|Any CPU.ActiveCfg = Debug|Any CPU
		{0ADE208D-2C8D-46AE-A433-2F21505B628C}.Debug|Any CPU.Build.0 = Debug|Any CPU
		{0ADE208D-2C8D-46AE-A433-2F21505B628C}.Documentation|Any CPU.ActiveCfg = Debug|Any CPU
		{0ADE208D-2C8D-46AE-A433-2F21505B628C}.Documentation|Any CPU.Build.0 = Debug|Any CPU
		{0ADE208D-2C8D-46AE-A433-2F21505B628C}.Release|Any CPU.ActiveCfg = Release|Any CPU
		{0ADE208D-2C8D-46AE-A433-2F21505B628C}.Release|Any CPU.Build.0 = Release|Any CPU
		{4F45064D-15DC-4DE2-9E0F-FD38E241CF4C}.Debug|Any CPU.ActiveCfg = Debug|Any CPU
		{4F45064D-15DC-4DE2-9E0F-FD38E241CF4C}.Debug|Any CPU.Build.0 = Debug|Any CPU
		{4F45064D-15DC-4DE2-9E0F-FD38E241CF4C}.Documentation|Any CPU.ActiveCfg = Debug|Any CPU
		{4F45064D-15DC-4DE2-9E0F-FD38E241CF4C}.Documentation|Any CPU.Build.0 = Debug|Any CPU
		{4F45064D-15DC-4DE2-9E0F-FD38E241CF4C}.Release|Any CPU.ActiveCfg = Release|Any CPU
		{4F45064D-15DC-4DE2-9E0F-FD38E241CF4C}.Release|Any CPU.Build.0 = Release|Any CPU
		{06AC1AC0-3061-4078-8890-9017A016264F}.Debug|Any CPU.ActiveCfg = Debug|Any CPU
		{06AC1AC0-3061-4078-8890-9017A016264F}.Debug|Any CPU.Build.0 = Debug|Any CPU
		{06AC1AC0-3061-4078-8890-9017A016264F}.Documentation|Any CPU.ActiveCfg = Debug|Any CPU
		{06AC1AC0-3061-4078-8890-9017A016264F}.Documentation|Any CPU.Build.0 = Debug|Any CPU
		{06AC1AC0-3061-4078-8890-9017A016264F}.Release|Any CPU.ActiveCfg = Release|Any CPU
		{06AC1AC0-3061-4078-8890-9017A016264F}.Release|Any CPU.Build.0 = Release|Any CPU
		{76EF3F95-5CEC-47A8-8D99-2EF19018536C}.Debug|Any CPU.ActiveCfg = Debug|Any CPU
		{76EF3F95-5CEC-47A8-8D99-2EF19018536C}.Debug|Any CPU.Build.0 = Debug|Any CPU
		{76EF3F95-5CEC-47A8-8D99-2EF19018536C}.Documentation|Any CPU.ActiveCfg = Debug|Any CPU
		{76EF3F95-5CEC-47A8-8D99-2EF19018536C}.Documentation|Any CPU.Build.0 = Debug|Any CPU
		{76EF3F95-5CEC-47A8-8D99-2EF19018536C}.Release|Any CPU.ActiveCfg = Release|Any CPU
		{76EF3F95-5CEC-47A8-8D99-2EF19018536C}.Release|Any CPU.Build.0 = Release|Any CPU
		{98F1C979-1307-48D2-B8B7-603A0A1DED93}.Debug|Any CPU.ActiveCfg = Debug|Any CPU
		{98F1C979-1307-48D2-B8B7-603A0A1DED93}.Debug|Any CPU.Build.0 = Debug|Any CPU
		{98F1C979-1307-48D2-B8B7-603A0A1DED93}.Documentation|Any CPU.ActiveCfg = Debug|Any CPU
		{98F1C979-1307-48D2-B8B7-603A0A1DED93}.Documentation|Any CPU.Build.0 = Debug|Any CPU
		{98F1C979-1307-48D2-B8B7-603A0A1DED93}.Release|Any CPU.ActiveCfg = Release|Any CPU
		{98F1C979-1307-48D2-B8B7-603A0A1DED93}.Release|Any CPU.Build.0 = Release|Any CPU
		{8B13CE61-5866-47B7-BC17-041DBE7E6365}.Debug|Any CPU.ActiveCfg = Debug|Any CPU
		{8B13CE61-5866-47B7-BC17-041DBE7E6365}.Debug|Any CPU.Build.0 = Debug|Any CPU
		{8B13CE61-5866-47B7-BC17-041DBE7E6365}.Documentation|Any CPU.ActiveCfg = Debug|Any CPU
		{8B13CE61-5866-47B7-BC17-041DBE7E6365}.Documentation|Any CPU.Build.0 = Debug|Any CPU
		{8B13CE61-5866-47B7-BC17-041DBE7E6365}.Release|Any CPU.ActiveCfg = Release|Any CPU
		{8B13CE61-5866-47B7-BC17-041DBE7E6365}.Release|Any CPU.Build.0 = Release|Any CPU
		{DD5C20FE-BE0B-4C14-B3EB-0D8055E6F16B}.Debug|Any CPU.ActiveCfg = Debug|Any CPU
		{DD5C20FE-BE0B-4C14-B3EB-0D8055E6F16B}.Debug|Any CPU.Build.0 = Debug|Any CPU
		{DD5C20FE-BE0B-4C14-B3EB-0D8055E6F16B}.Documentation|Any CPU.ActiveCfg = Debug|Any CPU
		{DD5C20FE-BE0B-4C14-B3EB-0D8055E6F16B}.Documentation|Any CPU.Build.0 = Debug|Any CPU
		{DD5C20FE-BE0B-4C14-B3EB-0D8055E6F16B}.Release|Any CPU.ActiveCfg = Release|Any CPU
		{DD5C20FE-BE0B-4C14-B3EB-0D8055E6F16B}.Release|Any CPU.Build.0 = Release|Any CPU
		{53264600-A2A8-499B-A32F-9E9EB45CEF86}.Debug|Any CPU.ActiveCfg = Debug|Any CPU
		{53264600-A2A8-499B-A32F-9E9EB45CEF86}.Debug|Any CPU.Build.0 = Debug|Any CPU
		{53264600-A2A8-499B-A32F-9E9EB45CEF86}.Documentation|Any CPU.ActiveCfg = Debug|Any CPU
		{53264600-A2A8-499B-A32F-9E9EB45CEF86}.Documentation|Any CPU.Build.0 = Debug|Any CPU
		{53264600-A2A8-499B-A32F-9E9EB45CEF86}.Release|Any CPU.ActiveCfg = Release|Any CPU
		{53264600-A2A8-499B-A32F-9E9EB45CEF86}.Release|Any CPU.Build.0 = Release|Any CPU
		{13208D4F-242E-4487-A31E-932213351BC8}.Debug|Any CPU.ActiveCfg = Debug|Any CPU
		{13208D4F-242E-4487-A31E-932213351BC8}.Debug|Any CPU.Build.0 = Debug|Any CPU
		{13208D4F-242E-4487-A31E-932213351BC8}.Documentation|Any CPU.ActiveCfg = Debug|Any CPU
		{13208D4F-242E-4487-A31E-932213351BC8}.Documentation|Any CPU.Build.0 = Debug|Any CPU
		{13208D4F-242E-4487-A31E-932213351BC8}.Release|Any CPU.ActiveCfg = Release|Any CPU
		{13208D4F-242E-4487-A31E-932213351BC8}.Release|Any CPU.Build.0 = Release|Any CPU
		{EC839A72-E8A2-4097-8C0A-9F2B3002AB71}.Debug|Any CPU.ActiveCfg = Debug|Any CPU
		{EC839A72-E8A2-4097-8C0A-9F2B3002AB71}.Debug|Any CPU.Build.0 = Debug|Any CPU
		{EC839A72-E8A2-4097-8C0A-9F2B3002AB71}.Documentation|Any CPU.ActiveCfg = Debug|Any CPU
		{EC839A72-E8A2-4097-8C0A-9F2B3002AB71}.Documentation|Any CPU.Build.0 = Debug|Any CPU
		{EC839A72-E8A2-4097-8C0A-9F2B3002AB71}.Release|Any CPU.ActiveCfg = Release|Any CPU
		{EC839A72-E8A2-4097-8C0A-9F2B3002AB71}.Release|Any CPU.Build.0 = Release|Any CPU
		{A5691DCC-E0C6-4F08-915D-01CEE22E5258}.Debug|Any CPU.ActiveCfg = Debug|Any CPU
		{A5691DCC-E0C6-4F08-915D-01CEE22E5258}.Debug|Any CPU.Build.0 = Debug|Any CPU
		{A5691DCC-E0C6-4F08-915D-01CEE22E5258}.Documentation|Any CPU.ActiveCfg = Debug|Any CPU
		{A5691DCC-E0C6-4F08-915D-01CEE22E5258}.Documentation|Any CPU.Build.0 = Debug|Any CPU
		{A5691DCC-E0C6-4F08-915D-01CEE22E5258}.Release|Any CPU.ActiveCfg = Release|Any CPU
		{A5691DCC-E0C6-4F08-915D-01CEE22E5258}.Release|Any CPU.Build.0 = Release|Any CPU
		{480B28F5-C653-4E33-8B22-4C8148DAA45C}.Debug|Any CPU.ActiveCfg = Debug|Any CPU
		{480B28F5-C653-4E33-8B22-4C8148DAA45C}.Debug|Any CPU.Build.0 = Debug|Any CPU
		{480B28F5-C653-4E33-8B22-4C8148DAA45C}.Documentation|Any CPU.ActiveCfg = Debug|Any CPU
		{480B28F5-C653-4E33-8B22-4C8148DAA45C}.Documentation|Any CPU.Build.0 = Debug|Any CPU
		{480B28F5-C653-4E33-8B22-4C8148DAA45C}.Release|Any CPU.ActiveCfg = Release|Any CPU
		{480B28F5-C653-4E33-8B22-4C8148DAA45C}.Release|Any CPU.Build.0 = Release|Any CPU
		{3EFA90E8-3772-4759-8221-9CF7931FDC70}.Debug|Any CPU.ActiveCfg = Debug|Any CPU
		{3EFA90E8-3772-4759-8221-9CF7931FDC70}.Debug|Any CPU.Build.0 = Debug|Any CPU
		{3EFA90E8-3772-4759-8221-9CF7931FDC70}.Documentation|Any CPU.ActiveCfg = Debug|Any CPU
		{3EFA90E8-3772-4759-8221-9CF7931FDC70}.Documentation|Any CPU.Build.0 = Debug|Any CPU
		{3EFA90E8-3772-4759-8221-9CF7931FDC70}.Release|Any CPU.ActiveCfg = Release|Any CPU
		{3EFA90E8-3772-4759-8221-9CF7931FDC70}.Release|Any CPU.Build.0 = Release|Any CPU
		{9BA0268A-F699-438F-BD66-AB70361940E0}.Debug|Any CPU.ActiveCfg = Debug|Any CPU
		{9BA0268A-F699-438F-BD66-AB70361940E0}.Debug|Any CPU.Build.0 = Debug|Any CPU
		{9BA0268A-F699-438F-BD66-AB70361940E0}.Documentation|Any CPU.ActiveCfg = Debug|Any CPU
		{9BA0268A-F699-438F-BD66-AB70361940E0}.Documentation|Any CPU.Build.0 = Debug|Any CPU
		{9BA0268A-F699-438F-BD66-AB70361940E0}.Release|Any CPU.ActiveCfg = Release|Any CPU
		{9BA0268A-F699-438F-BD66-AB70361940E0}.Release|Any CPU.Build.0 = Release|Any CPU
		{E1EC7BD3-0431-4AD5-A037-F68166BD92B4}.Debug|Any CPU.ActiveCfg = Debug|Any CPU
		{E1EC7BD3-0431-4AD5-A037-F68166BD92B4}.Debug|Any CPU.Build.0 = Debug|Any CPU
		{E1EC7BD3-0431-4AD5-A037-F68166BD92B4}.Documentation|Any CPU.ActiveCfg = Debug|Any CPU
		{E1EC7BD3-0431-4AD5-A037-F68166BD92B4}.Documentation|Any CPU.Build.0 = Debug|Any CPU
		{E1EC7BD3-0431-4AD5-A037-F68166BD92B4}.Release|Any CPU.ActiveCfg = Release|Any CPU
		{E1EC7BD3-0431-4AD5-A037-F68166BD92B4}.Release|Any CPU.Build.0 = Release|Any CPU
		{4AAC0536-6EED-457E-B26A-974C35B3BC2D}.Debug|Any CPU.ActiveCfg = Debug|Any CPU
		{4AAC0536-6EED-457E-B26A-974C35B3BC2D}.Debug|Any CPU.Build.0 = Debug|Any CPU
		{4AAC0536-6EED-457E-B26A-974C35B3BC2D}.Documentation|Any CPU.ActiveCfg = Debug|Any CPU
		{4AAC0536-6EED-457E-B26A-974C35B3BC2D}.Documentation|Any CPU.Build.0 = Debug|Any CPU
		{4AAC0536-6EED-457E-B26A-974C35B3BC2D}.Release|Any CPU.ActiveCfg = Release|Any CPU
		{4AAC0536-6EED-457E-B26A-974C35B3BC2D}.Release|Any CPU.Build.0 = Release|Any CPU
		{574988BC-61E0-4C04-BEE3-96F0E0AD15D1}.Debug|Any CPU.ActiveCfg = Debug|Any CPU
		{574988BC-61E0-4C04-BEE3-96F0E0AD15D1}.Debug|Any CPU.Build.0 = Debug|Any CPU
		{574988BC-61E0-4C04-BEE3-96F0E0AD15D1}.Documentation|Any CPU.ActiveCfg = Debug|Any CPU
		{574988BC-61E0-4C04-BEE3-96F0E0AD15D1}.Documentation|Any CPU.Build.0 = Debug|Any CPU
		{574988BC-61E0-4C04-BEE3-96F0E0AD15D1}.Release|Any CPU.ActiveCfg = Release|Any CPU
		{574988BC-61E0-4C04-BEE3-96F0E0AD15D1}.Release|Any CPU.Build.0 = Release|Any CPU
		{8347D9D0-B67F-4C9C-B0C2-A9B354CB49C2}.Debug|Any CPU.ActiveCfg = Debug|Any CPU
		{8347D9D0-B67F-4C9C-B0C2-A9B354CB49C2}.Debug|Any CPU.Build.0 = Debug|Any CPU
		{8347D9D0-B67F-4C9C-B0C2-A9B354CB49C2}.Documentation|Any CPU.ActiveCfg = Debug|Any CPU
		{8347D9D0-B67F-4C9C-B0C2-A9B354CB49C2}.Documentation|Any CPU.Build.0 = Debug|Any CPU
		{8347D9D0-B67F-4C9C-B0C2-A9B354CB49C2}.Release|Any CPU.ActiveCfg = Release|Any CPU
		{8347D9D0-B67F-4C9C-B0C2-A9B354CB49C2}.Release|Any CPU.Build.0 = Release|Any CPU
		{DD184C59-D4FD-4D77-BA7F-D2F4CF8511FB}.Debug|Any CPU.ActiveCfg = Debug|Any CPU
		{DD184C59-D4FD-4D77-BA7F-D2F4CF8511FB}.Debug|Any CPU.Build.0 = Debug|Any CPU
		{DD184C59-D4FD-4D77-BA7F-D2F4CF8511FB}.Documentation|Any CPU.ActiveCfg = Debug|Any CPU
		{DD184C59-D4FD-4D77-BA7F-D2F4CF8511FB}.Documentation|Any CPU.Build.0 = Debug|Any CPU
		{DD184C59-D4FD-4D77-BA7F-D2F4CF8511FB}.Release|Any CPU.ActiveCfg = Release|Any CPU
		{DD184C59-D4FD-4D77-BA7F-D2F4CF8511FB}.Release|Any CPU.Build.0 = Release|Any CPU
		{2F01CC7A-40AE-4475-9948-E2B2EA405C13}.Debug|Any CPU.ActiveCfg = Debug|Any CPU
		{2F01CC7A-40AE-4475-9948-E2B2EA405C13}.Debug|Any CPU.Build.0 = Debug|Any CPU
		{2F01CC7A-40AE-4475-9948-E2B2EA405C13}.Documentation|Any CPU.ActiveCfg = Debug|Any CPU
		{2F01CC7A-40AE-4475-9948-E2B2EA405C13}.Documentation|Any CPU.Build.0 = Debug|Any CPU
		{2F01CC7A-40AE-4475-9948-E2B2EA405C13}.Release|Any CPU.ActiveCfg = Release|Any CPU
		{2F01CC7A-40AE-4475-9948-E2B2EA405C13}.Release|Any CPU.Build.0 = Release|Any CPU
	EndGlobalSection
	GlobalSection(SolutionProperties) = preSolution
		HideSolutionNode = FALSE
	EndGlobalSection
	GlobalSection(NestedProjects) = preSolution
		{9293D83E-48A0-4A7D-9FC2-0F3F191CFEB9} = {0343E7FF-53C6-47E5-8DDF-AB265F5E9E1E}
		{AAB76390-02E2-4B9A-9C8B-BC0057E660AC} = {0343E7FF-53C6-47E5-8DDF-AB265F5E9E1E}
		{951F5AA6-FECA-4A78-B5B2-32856CFED612} = {0343E7FF-53C6-47E5-8DDF-AB265F5E9E1E}
		{4FFD8740-F10F-453F-97FD-DAE6C34FF0CD} = {0343E7FF-53C6-47E5-8DDF-AB265F5E9E1E}
		{2609146F-D8B6-43C5-8AAD-CAF08CE85B18} = {0343E7FF-53C6-47E5-8DDF-AB265F5E9E1E}
		{5162314B-637B-430C-94FE-B387AA60A81B} = {9293D83E-48A0-4A7D-9FC2-0F3F191CFEB9}
		{E0C2BF09-ECCD-4EC2-B2AE-D376A4A32498} = {9293D83E-48A0-4A7D-9FC2-0F3F191CFEB9}
		{71840644-3821-463D-81B7-7ED0221D2119} = {9293D83E-48A0-4A7D-9FC2-0F3F191CFEB9}
		{06AC1AC0-3061-4078-8890-9017A016264F} = {9293D83E-48A0-4A7D-9FC2-0F3F191CFEB9}
		{205892DE-129F-4F77-B5E2-41E863676BFB} = {9293D83E-48A0-4A7D-9FC2-0F3F191CFEB9}
		{0DD839BB-FC9C-4F5B-8AD3-6A9B8B05A2EF} = {AAB76390-02E2-4B9A-9C8B-BC0057E660AC}
		{E56C9E34-EC5D-4A9F-992E-D93BCD82ACEF} = {951F5AA6-FECA-4A78-B5B2-32856CFED612}
		{DD184C59-D4FD-4D77-BA7F-D2F4CF8511FB} = {951F5AA6-FECA-4A78-B5B2-32856CFED612}
		{0401C41A-ED78-4410-B12E-CFCF8C6BAF2C} = {4FFD8740-F10F-453F-97FD-DAE6C34FF0CD}
		{E9B2E16C-32D2-4354-9099-876900E625C0} = {4FFD8740-F10F-453F-97FD-DAE6C34FF0CD}
		{4F45064D-15DC-4DE2-9E0F-FD38E241CF4C} = {4FFD8740-F10F-453F-97FD-DAE6C34FF0CD}
		{E1EC7BD3-0431-4AD5-A037-F68166BD92B4} = {4FFD8740-F10F-453F-97FD-DAE6C34FF0CD}
		{4AAC0536-6EED-457E-B26A-974C35B3BC2D} = {4FFD8740-F10F-453F-97FD-DAE6C34FF0CD}
		{574988BC-61E0-4C04-BEE3-96F0E0AD15D1} = {4FFD8740-F10F-453F-97FD-DAE6C34FF0CD}
		{8347D9D0-B67F-4C9C-B0C2-A9B354CB49C2} = {4FFD8740-F10F-453F-97FD-DAE6C34FF0CD}
		{2F01CC7A-40AE-4475-9948-E2B2EA405C13} = {4FFD8740-F10F-453F-97FD-DAE6C34FF0CD}
		{0ADE208D-2C8D-46AE-A433-2F21505B628C} = {2609146F-D8B6-43C5-8AAD-CAF08CE85B18}
		{EE13987B-E700-4CC6-9AF8-0BE51FD89A0C} = {2609146F-D8B6-43C5-8AAD-CAF08CE85B18}
		{894ABD04-BFA4-4692-960F-783A8B44E757} = {BD53D2DA-72BB-4304-9A7D-77C1C51A6A55}
		{E5182BDC-0582-4B63-B786-873A7C670567} = {BD53D2DA-72BB-4304-9A7D-77C1C51A6A55}
		{BCB1B614-C4FF-4C6A-8431-20F9AB52F23C} = {BD53D2DA-72BB-4304-9A7D-77C1C51A6A55}
		{98F1C979-1307-48D2-B8B7-603A0A1DED93} = {894ABD04-BFA4-4692-960F-783A8B44E757}
		{76EF3F95-5CEC-47A8-8D99-2EF19018536C} = {894ABD04-BFA4-4692-960F-783A8B44E757}
		{53264600-A2A8-499B-A32F-9E9EB45CEF86} = {E5182BDC-0582-4B63-B786-873A7C670567}
		{13208D4F-242E-4487-A31E-932213351BC8} = {E5182BDC-0582-4B63-B786-873A7C670567}
		{EC839A72-E8A2-4097-8C0A-9F2B3002AB71} = {E5182BDC-0582-4B63-B786-873A7C670567}
		{A5691DCC-E0C6-4F08-915D-01CEE22E5258} = {E5182BDC-0582-4B63-B786-873A7C670567}
		{480B28F5-C653-4E33-8B22-4C8148DAA45C} = {E5182BDC-0582-4B63-B786-873A7C670567}
		{3EFA90E8-3772-4759-8221-9CF7931FDC70} = {E5182BDC-0582-4B63-B786-873A7C670567}
		{8B13CE61-5866-47B7-BC17-041DBE7E6365} = {BCB1B614-C4FF-4C6A-8431-20F9AB52F23C}
		{DD5C20FE-BE0B-4C14-B3EB-0D8055E6F16B} = {BCB1B614-C4FF-4C6A-8431-20F9AB52F23C}
		{9BA0268A-F699-438F-BD66-AB70361940E0} = {BCB1B614-C4FF-4C6A-8431-20F9AB52F23C}
	EndGlobalSection
EndGlobal
