
Microsoft Visual Studio Solution File, Format Version 11.00
# Visual Studio 2010
Project("{2150E333-8FDC-42A3-9474-1A3956D46DE8}") = "Core", "Core", "{9293D83E-48A0-4A7D-9FC2-0F3F191CFEB9}"
EndProject
Project("{2150E333-8FDC-42A3-9474-1A3956D46DE8}") = "Admin", "Admin", "{AAB76390-02E2-4B9A-9C8B-BC0057E660AC}"
EndProject
Project("{2150E333-8FDC-42A3-9474-1A3956D46DE8}") = "Examples", "Examples", "{951F5AA6-FECA-4A78-B5B2-32856CFED612}"
	ProjectSection(SolutionItems) = preProject
		SitemapHTMLExample.htm = SitemapHTMLExample.htm
	EndProjectSection
EndProject
Project("{2150E333-8FDC-42A3-9474-1A3956D46DE8}") = "AddIns", "AddIns", "{4FFD8740-F10F-453F-97FD-DAE6C34FF0CD}"
EndProject
Project("{2150E333-8FDC-42A3-9474-1A3956D46DE8}") = "Solution Items", "Solution Items", "{203A0F4D-1D96-4F4C-995E-6F9505DD1D24}"
	ProjectSection(SolutionItems) = preProject
		LocalTestRun.testrunconfig = LocalTestRun.testrunconfig
		SharedAssemblyInfo.cs = SharedAssemblyInfo.cs
		Zeus.vsmdi = Zeus.vsmdi
	EndProjectSection
EndProject
Project("{2150E333-8FDC-42A3-9474-1A3956D46DE8}") = "Templates", "Templates", "{2609146F-D8B6-43C5-8AAD-CAF08CE85B18}"
EndProject
Project("{2150E333-8FDC-42A3-9474-1A3956D46DE8}") = "Build", "Build", "{A7A33508-F0F0-46FC-882D-150BB333BC0C}"
	ProjectSection(SolutionItems) = preProject
		..\Build\Template.wxs = ..\Build\Template.wxs
		..\Build\ZeusTeamCityBuild.msbuild = ..\Build\ZeusTeamCityBuild.msbuild
	EndProjectSection
EndProject
Project("{2150E333-8FDC-42A3-9474-1A3956D46DE8}") = "Documentation", "Documentation", "{B197282F-CBBE-454C-842C-F6AA857FCBBB}"
	ProjectSection(SolutionItems) = preProject
		changelog.txt = changelog.txt
	EndProjectSection
EndProject
Project("{FAE04EC0-301F-11D3-BF4B-00C04F79EFBC}") = "Zeus", "Zeus\Zeus.csproj", "{205892DE-129F-4F77-B5E2-41E863676BFB}"
EndProject
Project("{FAE04EC0-301F-11D3-BF4B-00C04F79EFBC}") = "Zeus.Tests", "Zeus.Tests\Zeus.Tests.csproj", "{5162314B-637B-430C-94FE-B387AA60A81B}"
EndProject
Project("{FAE04EC0-301F-11D3-BF4B-00C04F79EFBC}") = "Zeus.Admin", "Zeus.Admin\Zeus.Admin.csproj", "{0DD839BB-FC9C-4F5B-8AD3-6A9B8B05A2EF}"
EndProject
Project("{FAE04EC0-301F-11D3-BF4B-00C04F79EFBC}") = "Zeus.Persistence.NH", "Zeus.Persistence.NH\Zeus.Persistence.NH.csproj", "{E0C2BF09-ECCD-4EC2-B2AE-D376A4A32498}"
EndProject
Project("{FAE04EC0-301F-11D3-BF4B-00C04F79EFBC}") = "Zeus.Templates", "Zeus.Templates\Zeus.Templates.csproj", "{EE13987B-E700-4CC6-9AF8-0BE51FD89A0C}"
EndProject
Project("{FAE04EC0-301F-11D3-BF4B-00C04F79EFBC}") = "MinimalMvcExample", "..\Examples\MinimalMvcExample\MinimalMvcExample.csproj", "{E56C9E34-EC5D-4A9F-992E-D93BCD82ACEF}"
EndProject
Project("{FAE04EC0-301F-11D3-BF4B-00C04F79EFBC}") = "Zeus.AddIns.ECommerce", "Zeus.AddIns.ECommerce\Zeus.AddIns.ECommerce.csproj", "{E1EC7BD3-0431-4AD5-A037-F68166BD92B4}"
EndProject
Project("{FAE04EC0-301F-11D3-BF4B-00C04F79EFBC}") = "Zeus.AddIns.ECommerce.PaymentGateways.SagePay", "Zeus.AddIns.ECommerce.PaymentGateways.SagePay\Zeus.AddIns.ECommerce.PaymentGateways.SagePay.csproj", "{2F01CC7A-40AE-4475-9948-E2B2EA405C13}"
EndProject
Project("{FAE04EC0-301F-11D3-BF4B-00C04F79EFBC}") = "Coolite.Ext.UX", "Coolite.Ext.UX\Coolite.Ext.UX.csproj", "{FD6CEDDE-9B2F-49CC-954F-A93F27F41E7E}"
EndProject
Project("{FAE04EC0-301F-11D3-BF4B-00C04F79EFBC}") = "Zeus.BaseLibrary", "Zeus.BaseLibrary\Zeus.BaseLibrary.csproj", "{76EF3F95-5CEC-47A8-8D99-2EF19018536C}"
EndProject
Project("{FAE04EC0-301F-11D3-BF4B-00C04F79EFBC}") = "Zeus.BaseLibrary.Tests", "Zeus.BaseLibrary.Tests\Zeus.BaseLibrary.Tests.csproj", "{87A31BEF-E24C-4B85-BF83-7428EDE9C03B}"
EndProject
Project("{FAE04EC0-301F-11D3-BF4B-00C04F79EFBC}") = "Zeus.Templates.Tests", "Zeus.Templates.Tests\Zeus.Templates.Tests.csproj", "{34EDBA77-B394-419F-9A68-05EA97DA9F98}"
EndProject
Project("{FAE04EC0-301F-11D3-BF4B-00C04F79EFBC}") = "Zeus.AddIns.ECommerce.PaypalExpress", "Zeus.AddIns.ECommerce.PaypalExpress\Zeus.AddIns.ECommerce.PaypalExpress.csproj", "{730D671D-33B8-4BF5-80B4-729E0965EACA}"
EndProject
Global
	GlobalSection(SolutionConfigurationPlatforms) = preSolution
		Debug|Any CPU = Debug|Any CPU
		Debug|x86 = Debug|x86
		Documentation|Any CPU = Documentation|Any CPU
		Documentation|x86 = Documentation|x86
		Release|Any CPU = Release|Any CPU
		Release|x86 = Release|x86
	EndGlobalSection
	GlobalSection(ProjectConfigurationPlatforms) = postSolution
		{205892DE-129F-4F77-B5E2-41E863676BFB}.Debug|Any CPU.ActiveCfg = Debug|Any CPU
		{205892DE-129F-4F77-B5E2-41E863676BFB}.Debug|Any CPU.Build.0 = Debug|Any CPU
		{205892DE-129F-4F77-B5E2-41E863676BFB}.Debug|x86.ActiveCfg = Debug|x86
		{205892DE-129F-4F77-B5E2-41E863676BFB}.Debug|x86.Build.0 = Debug|x86
		{205892DE-129F-4F77-B5E2-41E863676BFB}.Documentation|Any CPU.ActiveCfg = Debug|Any CPU
		{205892DE-129F-4F77-B5E2-41E863676BFB}.Documentation|Any CPU.Build.0 = Debug|Any CPU
		{205892DE-129F-4F77-B5E2-41E863676BFB}.Documentation|x86.ActiveCfg = Debug|x86
		{205892DE-129F-4F77-B5E2-41E863676BFB}.Documentation|x86.Build.0 = Debug|x86
		{205892DE-129F-4F77-B5E2-41E863676BFB}.Release|Any CPU.ActiveCfg = Release|Any CPU
		{205892DE-129F-4F77-B5E2-41E863676BFB}.Release|Any CPU.Build.0 = Release|Any CPU
		{205892DE-129F-4F77-B5E2-41E863676BFB}.Release|x86.ActiveCfg = Release|x86
		{205892DE-129F-4F77-B5E2-41E863676BFB}.Release|x86.Build.0 = Release|x86
		{5162314B-637B-430C-94FE-B387AA60A81B}.Debug|Any CPU.ActiveCfg = Debug|Any CPU
		{5162314B-637B-430C-94FE-B387AA60A81B}.Debug|Any CPU.Build.0 = Debug|Any CPU
		{5162314B-637B-430C-94FE-B387AA60A81B}.Debug|x86.ActiveCfg = Debug|x86
		{5162314B-637B-430C-94FE-B387AA60A81B}.Debug|x86.Build.0 = Debug|x86
		{5162314B-637B-430C-94FE-B387AA60A81B}.Documentation|Any CPU.ActiveCfg = Debug|Any CPU
		{5162314B-637B-430C-94FE-B387AA60A81B}.Documentation|Any CPU.Build.0 = Debug|Any CPU
		{5162314B-637B-430C-94FE-B387AA60A81B}.Documentation|x86.ActiveCfg = Debug|x86
		{5162314B-637B-430C-94FE-B387AA60A81B}.Documentation|x86.Build.0 = Debug|x86
		{5162314B-637B-430C-94FE-B387AA60A81B}.Release|Any CPU.ActiveCfg = Release|Any CPU
		{5162314B-637B-430C-94FE-B387AA60A81B}.Release|Any CPU.Build.0 = Release|Any CPU
		{5162314B-637B-430C-94FE-B387AA60A81B}.Release|x86.ActiveCfg = Release|x86
		{5162314B-637B-430C-94FE-B387AA60A81B}.Release|x86.Build.0 = Release|x86
		{0DD839BB-FC9C-4F5B-8AD3-6A9B8B05A2EF}.Debug|Any CPU.ActiveCfg = Debug|Any CPU
		{0DD839BB-FC9C-4F5B-8AD3-6A9B8B05A2EF}.Debug|Any CPU.Build.0 = Debug|Any CPU
		{0DD839BB-FC9C-4F5B-8AD3-6A9B8B05A2EF}.Debug|x86.ActiveCfg = Debug|x86
		{0DD839BB-FC9C-4F5B-8AD3-6A9B8B05A2EF}.Debug|x86.Build.0 = Debug|x86
		{0DD839BB-FC9C-4F5B-8AD3-6A9B8B05A2EF}.Documentation|Any CPU.ActiveCfg = Debug|Any CPU
		{0DD839BB-FC9C-4F5B-8AD3-6A9B8B05A2EF}.Documentation|Any CPU.Build.0 = Debug|Any CPU
		{0DD839BB-FC9C-4F5B-8AD3-6A9B8B05A2EF}.Documentation|x86.ActiveCfg = Debug|x86
		{0DD839BB-FC9C-4F5B-8AD3-6A9B8B05A2EF}.Documentation|x86.Build.0 = Debug|x86
		{0DD839BB-FC9C-4F5B-8AD3-6A9B8B05A2EF}.Release|Any CPU.ActiveCfg = Release|Any CPU
		{0DD839BB-FC9C-4F5B-8AD3-6A9B8B05A2EF}.Release|Any CPU.Build.0 = Release|Any CPU
		{0DD839BB-FC9C-4F5B-8AD3-6A9B8B05A2EF}.Release|x86.ActiveCfg = Release|x86
		{0DD839BB-FC9C-4F5B-8AD3-6A9B8B05A2EF}.Release|x86.Build.0 = Release|x86
		{E0C2BF09-ECCD-4EC2-B2AE-D376A4A32498}.Debug|Any CPU.ActiveCfg = Debug|Any CPU
		{E0C2BF09-ECCD-4EC2-B2AE-D376A4A32498}.Debug|Any CPU.Build.0 = Debug|Any CPU
		{E0C2BF09-ECCD-4EC2-B2AE-D376A4A32498}.Debug|x86.ActiveCfg = Debug|x86
		{E0C2BF09-ECCD-4EC2-B2AE-D376A4A32498}.Debug|x86.Build.0 = Debug|x86
		{E0C2BF09-ECCD-4EC2-B2AE-D376A4A32498}.Documentation|Any CPU.ActiveCfg = Debug|Any CPU
		{E0C2BF09-ECCD-4EC2-B2AE-D376A4A32498}.Documentation|Any CPU.Build.0 = Debug|Any CPU
		{E0C2BF09-ECCD-4EC2-B2AE-D376A4A32498}.Documentation|x86.ActiveCfg = Debug|x86
		{E0C2BF09-ECCD-4EC2-B2AE-D376A4A32498}.Documentation|x86.Build.0 = Debug|x86
		{E0C2BF09-ECCD-4EC2-B2AE-D376A4A32498}.Release|Any CPU.ActiveCfg = Release|Any CPU
		{E0C2BF09-ECCD-4EC2-B2AE-D376A4A32498}.Release|Any CPU.Build.0 = Release|Any CPU
		{E0C2BF09-ECCD-4EC2-B2AE-D376A4A32498}.Release|x86.ActiveCfg = Release|x86
		{E0C2BF09-ECCD-4EC2-B2AE-D376A4A32498}.Release|x86.Build.0 = Release|x86
		{EE13987B-E700-4CC6-9AF8-0BE51FD89A0C}.Debug|Any CPU.ActiveCfg = Debug|Any CPU
		{EE13987B-E700-4CC6-9AF8-0BE51FD89A0C}.Debug|Any CPU.Build.0 = Debug|Any CPU
		{EE13987B-E700-4CC6-9AF8-0BE51FD89A0C}.Debug|x86.ActiveCfg = Debug|x86
		{EE13987B-E700-4CC6-9AF8-0BE51FD89A0C}.Debug|x86.Build.0 = Debug|x86
		{EE13987B-E700-4CC6-9AF8-0BE51FD89A0C}.Documentation|Any CPU.ActiveCfg = Debug|Any CPU
		{EE13987B-E700-4CC6-9AF8-0BE51FD89A0C}.Documentation|Any CPU.Build.0 = Debug|Any CPU
		{EE13987B-E700-4CC6-9AF8-0BE51FD89A0C}.Documentation|x86.ActiveCfg = Debug|x86
		{EE13987B-E700-4CC6-9AF8-0BE51FD89A0C}.Documentation|x86.Build.0 = Debug|x86
		{EE13987B-E700-4CC6-9AF8-0BE51FD89A0C}.Release|Any CPU.ActiveCfg = Release|Any CPU
		{EE13987B-E700-4CC6-9AF8-0BE51FD89A0C}.Release|Any CPU.Build.0 = Release|Any CPU
		{EE13987B-E700-4CC6-9AF8-0BE51FD89A0C}.Release|x86.ActiveCfg = Release|x86
		{EE13987B-E700-4CC6-9AF8-0BE51FD89A0C}.Release|x86.Build.0 = Release|x86
		{E56C9E34-EC5D-4A9F-992E-D93BCD82ACEF}.Debug|Any CPU.ActiveCfg = Debug|Any CPU
		{E56C9E34-EC5D-4A9F-992E-D93BCD82ACEF}.Debug|Any CPU.Build.0 = Debug|Any CPU
		{E56C9E34-EC5D-4A9F-992E-D93BCD82ACEF}.Debug|x86.ActiveCfg = Debug|x86
		{E56C9E34-EC5D-4A9F-992E-D93BCD82ACEF}.Debug|x86.Build.0 = Debug|x86
		{E56C9E34-EC5D-4A9F-992E-D93BCD82ACEF}.Documentation|Any CPU.ActiveCfg = Debug|Any CPU
		{E56C9E34-EC5D-4A9F-992E-D93BCD82ACEF}.Documentation|Any CPU.Build.0 = Debug|Any CPU
		{E56C9E34-EC5D-4A9F-992E-D93BCD82ACEF}.Documentation|x86.ActiveCfg = Debug|x86
		{E56C9E34-EC5D-4A9F-992E-D93BCD82ACEF}.Documentation|x86.Build.0 = Debug|x86
		{E56C9E34-EC5D-4A9F-992E-D93BCD82ACEF}.Release|Any CPU.ActiveCfg = Release|Any CPU
		{E56C9E34-EC5D-4A9F-992E-D93BCD82ACEF}.Release|Any CPU.Build.0 = Release|Any CPU
		{E56C9E34-EC5D-4A9F-992E-D93BCD82ACEF}.Release|x86.ActiveCfg = Release|x86
		{E56C9E34-EC5D-4A9F-992E-D93BCD82ACEF}.Release|x86.Build.0 = Release|x86
		{E1EC7BD3-0431-4AD5-A037-F68166BD92B4}.Debug|Any CPU.ActiveCfg = Debug|Any CPU
		{E1EC7BD3-0431-4AD5-A037-F68166BD92B4}.Debug|Any CPU.Build.0 = Debug|Any CPU
		{E1EC7BD3-0431-4AD5-A037-F68166BD92B4}.Debug|x86.ActiveCfg = Debug|x86
		{E1EC7BD3-0431-4AD5-A037-F68166BD92B4}.Debug|x86.Build.0 = Debug|x86
		{E1EC7BD3-0431-4AD5-A037-F68166BD92B4}.Documentation|Any CPU.ActiveCfg = Debug|Any CPU
		{E1EC7BD3-0431-4AD5-A037-F68166BD92B4}.Documentation|Any CPU.Build.0 = Debug|Any CPU
		{E1EC7BD3-0431-4AD5-A037-F68166BD92B4}.Documentation|x86.ActiveCfg = Debug|x86
		{E1EC7BD3-0431-4AD5-A037-F68166BD92B4}.Documentation|x86.Build.0 = Debug|x86
		{E1EC7BD3-0431-4AD5-A037-F68166BD92B4}.Release|Any CPU.ActiveCfg = Release|Any CPU
		{E1EC7BD3-0431-4AD5-A037-F68166BD92B4}.Release|Any CPU.Build.0 = Release|Any CPU
		{E1EC7BD3-0431-4AD5-A037-F68166BD92B4}.Release|x86.ActiveCfg = Release|x86
		{E1EC7BD3-0431-4AD5-A037-F68166BD92B4}.Release|x86.Build.0 = Release|x86
		{2F01CC7A-40AE-4475-9948-E2B2EA405C13}.Debug|Any CPU.ActiveCfg = Debug|Any CPU
		{2F01CC7A-40AE-4475-9948-E2B2EA405C13}.Debug|Any CPU.Build.0 = Debug|Any CPU
		{2F01CC7A-40AE-4475-9948-E2B2EA405C13}.Debug|x86.ActiveCfg = Debug|x86
		{2F01CC7A-40AE-4475-9948-E2B2EA405C13}.Debug|x86.Build.0 = Debug|x86
		{2F01CC7A-40AE-4475-9948-E2B2EA405C13}.Documentation|Any CPU.ActiveCfg = Debug|Any CPU
		{2F01CC7A-40AE-4475-9948-E2B2EA405C13}.Documentation|Any CPU.Build.0 = Debug|Any CPU
		{2F01CC7A-40AE-4475-9948-E2B2EA405C13}.Documentation|x86.ActiveCfg = Debug|x86
		{2F01CC7A-40AE-4475-9948-E2B2EA405C13}.Documentation|x86.Build.0 = Debug|x86
		{2F01CC7A-40AE-4475-9948-E2B2EA405C13}.Release|Any CPU.ActiveCfg = Release|Any CPU
		{2F01CC7A-40AE-4475-9948-E2B2EA405C13}.Release|Any CPU.Build.0 = Release|Any CPU
		{2F01CC7A-40AE-4475-9948-E2B2EA405C13}.Release|x86.ActiveCfg = Release|x86
		{2F01CC7A-40AE-4475-9948-E2B2EA405C13}.Release|x86.Build.0 = Release|x86
		{FD6CEDDE-9B2F-49CC-954F-A93F27F41E7E}.Debug|Any CPU.ActiveCfg = Debug|Any CPU
		{FD6CEDDE-9B2F-49CC-954F-A93F27F41E7E}.Debug|Any CPU.Build.0 = Debug|Any CPU
		{FD6CEDDE-9B2F-49CC-954F-A93F27F41E7E}.Debug|x86.ActiveCfg = Debug|x86
		{FD6CEDDE-9B2F-49CC-954F-A93F27F41E7E}.Debug|x86.Build.0 = Debug|x86
		{FD6CEDDE-9B2F-49CC-954F-A93F27F41E7E}.Documentation|Any CPU.ActiveCfg = Debug|Any CPU
		{FD6CEDDE-9B2F-49CC-954F-A93F27F41E7E}.Documentation|Any CPU.Build.0 = Debug|Any CPU
		{FD6CEDDE-9B2F-49CC-954F-A93F27F41E7E}.Documentation|x86.ActiveCfg = Debug|x86
		{FD6CEDDE-9B2F-49CC-954F-A93F27F41E7E}.Documentation|x86.Build.0 = Debug|x86
		{FD6CEDDE-9B2F-49CC-954F-A93F27F41E7E}.Release|Any CPU.ActiveCfg = Release|Any CPU
		{FD6CEDDE-9B2F-49CC-954F-A93F27F41E7E}.Release|Any CPU.Build.0 = Release|Any CPU
		{FD6CEDDE-9B2F-49CC-954F-A93F27F41E7E}.Release|x86.ActiveCfg = Release|x86
		{FD6CEDDE-9B2F-49CC-954F-A93F27F41E7E}.Release|x86.Build.0 = Release|x86
		{76EF3F95-5CEC-47A8-8D99-2EF19018536C}.Debug|Any CPU.ActiveCfg = Debug|Any CPU
		{76EF3F95-5CEC-47A8-8D99-2EF19018536C}.Debug|Any CPU.Build.0 = Debug|Any CPU
		{76EF3F95-5CEC-47A8-8D99-2EF19018536C}.Debug|x86.ActiveCfg = Debug|x86
		{76EF3F95-5CEC-47A8-8D99-2EF19018536C}.Debug|x86.Build.0 = Debug|x86
		{76EF3F95-5CEC-47A8-8D99-2EF19018536C}.Documentation|Any CPU.ActiveCfg = Debug|Any CPU
		{76EF3F95-5CEC-47A8-8D99-2EF19018536C}.Documentation|Any CPU.Build.0 = Debug|Any CPU
		{76EF3F95-5CEC-47A8-8D99-2EF19018536C}.Documentation|x86.ActiveCfg = Debug|x86
		{76EF3F95-5CEC-47A8-8D99-2EF19018536C}.Documentation|x86.Build.0 = Debug|x86
		{76EF3F95-5CEC-47A8-8D99-2EF19018536C}.Release|Any CPU.ActiveCfg = Debug|Any CPU
		{76EF3F95-5CEC-47A8-8D99-2EF19018536C}.Release|Any CPU.Build.0 = Debug|Any CPU
		{76EF3F95-5CEC-47A8-8D99-2EF19018536C}.Release|x86.ActiveCfg = Release|x86
		{76EF3F95-5CEC-47A8-8D99-2EF19018536C}.Release|x86.Build.0 = Release|x86
		{87A31BEF-E24C-4B85-BF83-7428EDE9C03B}.Debug|Any CPU.ActiveCfg = Debug|Any CPU
		{87A31BEF-E24C-4B85-BF83-7428EDE9C03B}.Debug|Any CPU.Build.0 = Debug|Any CPU
		{87A31BEF-E24C-4B85-BF83-7428EDE9C03B}.Debug|x86.ActiveCfg = Debug|x86
		{87A31BEF-E24C-4B85-BF83-7428EDE9C03B}.Debug|x86.Build.0 = Debug|x86
		{87A31BEF-E24C-4B85-BF83-7428EDE9C03B}.Documentation|Any CPU.ActiveCfg = Debug|Any CPU
		{87A31BEF-E24C-4B85-BF83-7428EDE9C03B}.Documentation|Any CPU.Build.0 = Debug|Any CPU
		{87A31BEF-E24C-4B85-BF83-7428EDE9C03B}.Documentation|x86.ActiveCfg = Debug|x86
		{87A31BEF-E24C-4B85-BF83-7428EDE9C03B}.Documentation|x86.Build.0 = Debug|x86
		{87A31BEF-E24C-4B85-BF83-7428EDE9C03B}.Release|Any CPU.ActiveCfg = Release|Any CPU
		{87A31BEF-E24C-4B85-BF83-7428EDE9C03B}.Release|Any CPU.Build.0 = Release|Any CPU
		{87A31BEF-E24C-4B85-BF83-7428EDE9C03B}.Release|x86.ActiveCfg = Release|x86
		{87A31BEF-E24C-4B85-BF83-7428EDE9C03B}.Release|x86.Build.0 = Release|x86
		{34EDBA77-B394-419F-9A68-05EA97DA9F98}.Debug|Any CPU.ActiveCfg = Debug|Any CPU
		{34EDBA77-B394-419F-9A68-05EA97DA9F98}.Debug|Any CPU.Build.0 = Debug|Any CPU
		{34EDBA77-B394-419F-9A68-05EA97DA9F98}.Debug|x86.ActiveCfg = Debug|x86
		{34EDBA77-B394-419F-9A68-05EA97DA9F98}.Debug|x86.Build.0 = Debug|x86
		{34EDBA77-B394-419F-9A68-05EA97DA9F98}.Documentation|Any CPU.ActiveCfg = Debug|Any CPU
		{34EDBA77-B394-419F-9A68-05EA97DA9F98}.Documentation|Any CPU.Build.0 = Debug|Any CPU
		{34EDBA77-B394-419F-9A68-05EA97DA9F98}.Documentation|x86.ActiveCfg = Debug|Any CPU
		{34EDBA77-B394-419F-9A68-05EA97DA9F98}.Release|Any CPU.ActiveCfg = Release|Any CPU
		{34EDBA77-B394-419F-9A68-05EA97DA9F98}.Release|Any CPU.Build.0 = Release|Any CPU
		{34EDBA77-B394-419F-9A68-05EA97DA9F98}.Release|x86.ActiveCfg = Release|Any CPU
		{730D671D-33B8-4BF5-80B4-729E0965EACA}.Debug|Any CPU.ActiveCfg = Debug|Any CPU
		{730D671D-33B8-4BF5-80B4-729E0965EACA}.Debug|Any CPU.Build.0 = Debug|Any CPU
		{730D671D-33B8-4BF5-80B4-729E0965EACA}.Debug|x86.ActiveCfg = Debug|Any CPU
		{730D671D-33B8-4BF5-80B4-729E0965EACA}.Documentation|Any CPU.ActiveCfg = Debug|Any CPU
		{730D671D-33B8-4BF5-80B4-729E0965EACA}.Documentation|Any CPU.Build.0 = Debug|Any CPU
		{730D671D-33B8-4BF5-80B4-729E0965EACA}.Documentation|x86.ActiveCfg = Debug|Any CPU
		{730D671D-33B8-4BF5-80B4-729E0965EACA}.Release|Any CPU.ActiveCfg = Release|Any CPU
		{730D671D-33B8-4BF5-80B4-729E0965EACA}.Release|Any CPU.Build.0 = Release|Any CPU
		{730D671D-33B8-4BF5-80B4-729E0965EACA}.Release|x86.ActiveCfg = Release|Any CPU
	EndGlobalSection
	GlobalSection(SolutionProperties) = preSolution
		HideSolutionNode = FALSE
	EndGlobalSection
	GlobalSection(NestedProjects) = preSolution
		{A7A33508-F0F0-46FC-882D-150BB333BC0C} = {203A0F4D-1D96-4F4C-995E-6F9505DD1D24}
		{B197282F-CBBE-454C-842C-F6AA857FCBBB} = {951F5AA6-FECA-4A78-B5B2-32856CFED612}
		{205892DE-129F-4F77-B5E2-41E863676BFB} = {9293D83E-48A0-4A7D-9FC2-0F3F191CFEB9}
		{5162314B-637B-430C-94FE-B387AA60A81B} = {9293D83E-48A0-4A7D-9FC2-0F3F191CFEB9}
		{E0C2BF09-ECCD-4EC2-B2AE-D376A4A32498} = {9293D83E-48A0-4A7D-9FC2-0F3F191CFEB9}
		{76EF3F95-5CEC-47A8-8D99-2EF19018536C} = {9293D83E-48A0-4A7D-9FC2-0F3F191CFEB9}
		{87A31BEF-E24C-4B85-BF83-7428EDE9C03B} = {9293D83E-48A0-4A7D-9FC2-0F3F191CFEB9}
		{0DD839BB-FC9C-4F5B-8AD3-6A9B8B05A2EF} = {AAB76390-02E2-4B9A-9C8B-BC0057E660AC}
		{FD6CEDDE-9B2F-49CC-954F-A93F27F41E7E} = {AAB76390-02E2-4B9A-9C8B-BC0057E660AC}
		{E56C9E34-EC5D-4A9F-992E-D93BCD82ACEF} = {951F5AA6-FECA-4A78-B5B2-32856CFED612}
		{E1EC7BD3-0431-4AD5-A037-F68166BD92B4} = {4FFD8740-F10F-453F-97FD-DAE6C34FF0CD}
		{2F01CC7A-40AE-4475-9948-E2B2EA405C13} = {4FFD8740-F10F-453F-97FD-DAE6C34FF0CD}
		{A191F03D-F881-4247-A20E-1CDC6D2F0F28} = {9293D83E-48A0-4A7D-9FC2-0F3F191CFEB9}
		{FD6CEDDE-9B2F-49CC-954F-A93F27F41E7E} = {AAB76390-02E2-4B9A-9C8B-BC0057E660AC}
		{76EF3F95-5CEC-47A8-8D99-2EF19018536C} = {9293D83E-48A0-4A7D-9FC2-0F3F191CFEB9}
		{87A31BEF-E24C-4B85-BF83-7428EDE9C03B} = {9293D83E-48A0-4A7D-9FC2-0F3F191CFEB9}
		{34EDBA77-B394-419F-9A68-05EA97DA9F98} = {2609146F-D8B6-43C5-8AAD-CAF08CE85B18}
		{730D671D-33B8-4BF5-80B4-729E0965EACA} = {4FFD8740-F10F-453F-97FD-DAE6C34FF0CD}
	EndGlobalSection
	GlobalSection(TestCaseManagementSettings) = postSolution
		CategoryFile = Zeus.vsmdi
	EndGlobalSection
EndGlobal
