
Microsoft Visual Studio Solution File, Format Version 10.00
# Visual Studio 2008
Project("{FAE04EC0-301F-11D3-BF4B-00C04F79EFBC}") = "Zeus", "Zeus\Zeus.csproj", "{205892DE-129F-4F77-B5E2-41E863676BFB}"
EndProject
Project("{FAE04EC0-301F-11D3-BF4B-00C04F79EFBC}") = "Zeus.Tests", "Zeus.Tests\Zeus.Tests.csproj", "{5162314B-637B-430C-94FE-B387AA60A81B}"
EndProject
Project("{2150E333-8FDC-42A3-9474-1A3956D46DE8}") = "Core", "Core", "{9293D83E-48A0-4A7D-9FC2-0F3F191CFEB9}"
EndProject
Project("{2150E333-8FDC-42A3-9474-1A3956D46DE8}") = "Admin", "Admin", "{AAB76390-02E2-4B9A-9C8B-BC0057E660AC}"
EndProject
Project("{2150E333-8FDC-42A3-9474-1A3956D46DE8}") = "Examples", "Examples", "{951F5AA6-FECA-4A78-B5B2-32856CFED612}"
EndProject
Project("{FAE04EC0-301F-11D3-BF4B-00C04F79EFBC}") = "Zeus.Admin", "Zeus.Admin\Zeus.Admin.csproj", "{0DD839BB-FC9C-4F5B-8AD3-6A9B8B05A2EF}"
EndProject
Project("{2150E333-8FDC-42A3-9474-1A3956D46DE8}") = "AddIns", "AddIns", "{4FFD8740-F10F-453F-97FD-DAE6C34FF0CD}"
EndProject
Project("{FAE04EC0-301F-11D3-BF4B-00C04F79EFBC}") = "Zeus.Persistence.NH", "Zeus.Persistence.NH\Zeus.Persistence.NH.csproj", "{E0C2BF09-ECCD-4EC2-B2AE-D376A4A32498}"
EndProject
Project("{FAE04EC0-301F-11D3-BF4B-00C04F79EFBC}") = "Zeus.SilverlightUpload", "Zeus.SilverlightUpload\Zeus.SilverlightUpload.csproj", "{C6EB711C-E1D9-4021-8976-80DF5D64D878}"
EndProject
Project("{FAE04EC0-301F-11D3-BF4B-00C04F79EFBC}") = "Zeus.AddIns.Forums", "Zeus.AddIns.Forums\Zeus.AddIns.Forums.csproj", "{0401C41A-ED78-4410-B12E-CFCF8C6BAF2C}"
EndProject
Project("{FAE04EC0-301F-11D3-BF4B-00C04F79EFBC}") = "Zeus.AddIns.Mailouts", "Zeus.AddIns.Mailouts\Zeus.AddIns.Mailouts.csproj", "{E9B2E16C-32D2-4354-9099-876900E625C0}"
EndProject
Project("{FAE04EC0-301F-11D3-BF4B-00C04F79EFBC}") = "Zeus.Templates", "Zeus.Templates\Zeus.Templates.csproj", "{EE13987B-E700-4CC6-9AF8-0BE51FD89A0C}"
EndProject
Project("{FAE04EC0-301F-11D3-BF4B-00C04F79EFBC}") = "Zeus.Web.Mvc", "Zeus.Web.Mvc\Zeus.Web.Mvc.csproj", "{71840644-3821-463D-81B7-7ED0221D2119}"
EndProject
Project("{FAE04EC0-301F-11D3-BF4B-00C04F79EFBC}") = "MinimalMvcExample", "..\Examples\MinimalMvcExample\MinimalMvcExample.csproj", "{E56C9E34-EC5D-4A9F-992E-D93BCD82ACEF}"
EndProject
Project("{FAE04EC0-301F-11D3-BF4B-00C04F79EFBC}") = "Zeus.Templates.Mvc", "Zeus.Templates.Mvc\Zeus.Templates.Mvc.csproj", "{0ADE208D-2C8D-46AE-A433-2F21505B628C}"
EndProject
Project("{FAE04EC0-301F-11D3-BF4B-00C04F79EFBC}") = "Zeus.AddIns.Forums.Mvc", "Zeus.AddIns.Forums.Mvc\Zeus.AddIns.Forums.Mvc.csproj", "{4F45064D-15DC-4DE2-9E0F-FD38E241CF4C}"
EndProject
Project("{FAE04EC0-301F-11D3-BF4B-00C04F79EFBC}") = "Zeus.ObjectEditor", "Zeus.ObjectEditor\Zeus.ObjectEditor.csproj", "{06AC1AC0-3061-4078-8890-9017A016264F}"
EndProject
Project("{2150E333-8FDC-42A3-9474-1A3956D46DE8}") = "Solution Items", "Solution Items", "{203A0F4D-1D96-4F4C-995E-6F9505DD1D24}"
	ProjectSection(SolutionItems) = preProject
		SharedAssemblyInfo.cs = SharedAssemblyInfo.cs
	EndProjectSection
EndProject
Project("{2150E333-8FDC-42A3-9474-1A3956D46DE8}") = "Templates", "Templates", "{2609146F-D8B6-43C5-8AAD-CAF08CE85B18}"
EndProject
Global
	GlobalSection(SolutionConfigurationPlatforms) = preSolution
		Debug|Any CPU = Debug|Any CPU
		Documentation|Any CPU = Documentation|Any CPU
		Release|Any CPU = Release|Any CPU
	EndGlobalSection
	GlobalSection(ProjectConfigurationPlatforms) = postSolution
		{205892DE-129F-4F77-B5E2-41E863676BFB}.Debug|Any CPU.ActiveCfg = Debug|Any CPU
		{205892DE-129F-4F77-B5E2-41E863676BFB}.Debug|Any CPU.Build.0 = Debug|Any CPU
		{205892DE-129F-4F77-B5E2-41E863676BFB}.Documentation|Any CPU.ActiveCfg = Debug|Any CPU
		{205892DE-129F-4F77-B5E2-41E863676BFB}.Documentation|Any CPU.Build.0 = Debug|Any CPU
		{205892DE-129F-4F77-B5E2-41E863676BFB}.Release|Any CPU.ActiveCfg = Release|Any CPU
		{205892DE-129F-4F77-B5E2-41E863676BFB}.Release|Any CPU.Build.0 = Release|Any CPU
		{5162314B-637B-430C-94FE-B387AA60A81B}.Debug|Any CPU.ActiveCfg = Debug|Any CPU
		{5162314B-637B-430C-94FE-B387AA60A81B}.Debug|Any CPU.Build.0 = Debug|Any CPU
		{5162314B-637B-430C-94FE-B387AA60A81B}.Documentation|Any CPU.ActiveCfg = Debug|Any CPU
		{5162314B-637B-430C-94FE-B387AA60A81B}.Documentation|Any CPU.Build.0 = Debug|Any CPU
		{5162314B-637B-430C-94FE-B387AA60A81B}.Release|Any CPU.ActiveCfg = Release|Any CPU
		{5162314B-637B-430C-94FE-B387AA60A81B}.Release|Any CPU.Build.0 = Release|Any CPU
		{0DD839BB-FC9C-4F5B-8AD3-6A9B8B05A2EF}.Debug|Any CPU.ActiveCfg = Debug|Any CPU
		{0DD839BB-FC9C-4F5B-8AD3-6A9B8B05A2EF}.Debug|Any CPU.Build.0 = Debug|Any CPU
		{0DD839BB-FC9C-4F5B-8AD3-6A9B8B05A2EF}.Documentation|Any CPU.ActiveCfg = Debug|Any CPU
		{0DD839BB-FC9C-4F5B-8AD3-6A9B8B05A2EF}.Documentation|Any CPU.Build.0 = Debug|Any CPU
		{0DD839BB-FC9C-4F5B-8AD3-6A9B8B05A2EF}.Release|Any CPU.ActiveCfg = Release|Any CPU
		{0DD839BB-FC9C-4F5B-8AD3-6A9B8B05A2EF}.Release|Any CPU.Build.0 = Release|Any CPU
		{E0C2BF09-ECCD-4EC2-B2AE-D376A4A32498}.Debug|Any CPU.ActiveCfg = Debug|Any CPU
		{E0C2BF09-ECCD-4EC2-B2AE-D376A4A32498}.Debug|Any CPU.Build.0 = Debug|Any CPU
		{E0C2BF09-ECCD-4EC2-B2AE-D376A4A32498}.Documentation|Any CPU.ActiveCfg = Debug|Any CPU
		{E0C2BF09-ECCD-4EC2-B2AE-D376A4A32498}.Documentation|Any CPU.Build.0 = Debug|Any CPU
		{E0C2BF09-ECCD-4EC2-B2AE-D376A4A32498}.Release|Any CPU.ActiveCfg = Release|Any CPU
		{E0C2BF09-ECCD-4EC2-B2AE-D376A4A32498}.Release|Any CPU.Build.0 = Release|Any CPU
		{C6EB711C-E1D9-4021-8976-80DF5D64D878}.Debug|Any CPU.ActiveCfg = Debug|Any CPU
		{C6EB711C-E1D9-4021-8976-80DF5D64D878}.Debug|Any CPU.Build.0 = Debug|Any CPU
		{C6EB711C-E1D9-4021-8976-80DF5D64D878}.Documentation|Any CPU.ActiveCfg = Debug|Any CPU
		{C6EB711C-E1D9-4021-8976-80DF5D64D878}.Documentation|Any CPU.Build.0 = Debug|Any CPU
		{C6EB711C-E1D9-4021-8976-80DF5D64D878}.Release|Any CPU.ActiveCfg = Release|Any CPU
		{C6EB711C-E1D9-4021-8976-80DF5D64D878}.Release|Any CPU.Build.0 = Release|Any CPU
		{0401C41A-ED78-4410-B12E-CFCF8C6BAF2C}.Debug|Any CPU.ActiveCfg = Debug|Any CPU
		{0401C41A-ED78-4410-B12E-CFCF8C6BAF2C}.Debug|Any CPU.Build.0 = Debug|Any CPU
		{0401C41A-ED78-4410-B12E-CFCF8C6BAF2C}.Documentation|Any CPU.ActiveCfg = Debug|Any CPU
		{0401C41A-ED78-4410-B12E-CFCF8C6BAF2C}.Documentation|Any CPU.Build.0 = Debug|Any CPU
		{0401C41A-ED78-4410-B12E-CFCF8C6BAF2C}.Release|Any CPU.ActiveCfg = Release|Any CPU
		{0401C41A-ED78-4410-B12E-CFCF8C6BAF2C}.Release|Any CPU.Build.0 = Release|Any CPU
		{E9B2E16C-32D2-4354-9099-876900E625C0}.Debug|Any CPU.ActiveCfg = Debug|Any CPU
		{E9B2E16C-32D2-4354-9099-876900E625C0}.Debug|Any CPU.Build.0 = Debug|Any CPU
		{E9B2E16C-32D2-4354-9099-876900E625C0}.Documentation|Any CPU.ActiveCfg = Debug|Any CPU
		{E9B2E16C-32D2-4354-9099-876900E625C0}.Documentation|Any CPU.Build.0 = Debug|Any CPU
		{E9B2E16C-32D2-4354-9099-876900E625C0}.Release|Any CPU.ActiveCfg = Release|Any CPU
		{E9B2E16C-32D2-4354-9099-876900E625C0}.Release|Any CPU.Build.0 = Release|Any CPU
		{EE13987B-E700-4CC6-9AF8-0BE51FD89A0C}.Debug|Any CPU.ActiveCfg = Debug|Any CPU
		{EE13987B-E700-4CC6-9AF8-0BE51FD89A0C}.Debug|Any CPU.Build.0 = Debug|Any CPU
		{EE13987B-E700-4CC6-9AF8-0BE51FD89A0C}.Documentation|Any CPU.ActiveCfg = Debug|Any CPU
		{EE13987B-E700-4CC6-9AF8-0BE51FD89A0C}.Documentation|Any CPU.Build.0 = Debug|Any CPU
		{EE13987B-E700-4CC6-9AF8-0BE51FD89A0C}.Release|Any CPU.ActiveCfg = Release|Any CPU
		{EE13987B-E700-4CC6-9AF8-0BE51FD89A0C}.Release|Any CPU.Build.0 = Release|Any CPU
		{71840644-3821-463D-81B7-7ED0221D2119}.Debug|Any CPU.ActiveCfg = Debug|Any CPU
		{71840644-3821-463D-81B7-7ED0221D2119}.Debug|Any CPU.Build.0 = Debug|Any CPU
		{71840644-3821-463D-81B7-7ED0221D2119}.Documentation|Any CPU.ActiveCfg = Debug|Any CPU
		{71840644-3821-463D-81B7-7ED0221D2119}.Documentation|Any CPU.Build.0 = Debug|Any CPU
		{71840644-3821-463D-81B7-7ED0221D2119}.Release|Any CPU.ActiveCfg = Release|Any CPU
		{71840644-3821-463D-81B7-7ED0221D2119}.Release|Any CPU.Build.0 = Release|Any CPU
		{E56C9E34-EC5D-4A9F-992E-D93BCD82ACEF}.Debug|Any CPU.ActiveCfg = Debug|Any CPU
		{E56C9E34-EC5D-4A9F-992E-D93BCD82ACEF}.Debug|Any CPU.Build.0 = Debug|Any CPU
		{E56C9E34-EC5D-4A9F-992E-D93BCD82ACEF}.Documentation|Any CPU.ActiveCfg = Debug|Any CPU
		{E56C9E34-EC5D-4A9F-992E-D93BCD82ACEF}.Documentation|Any CPU.Build.0 = Debug|Any CPU
		{E56C9E34-EC5D-4A9F-992E-D93BCD82ACEF}.Release|Any CPU.ActiveCfg = Release|Any CPU
		{E56C9E34-EC5D-4A9F-992E-D93BCD82ACEF}.Release|Any CPU.Build.0 = Release|Any CPU
		{0ADE208D-2C8D-46AE-A433-2F21505B628C}.Debug|Any CPU.ActiveCfg = Debug|Any CPU
		{0ADE208D-2C8D-46AE-A433-2F21505B628C}.Debug|Any CPU.Build.0 = Debug|Any CPU
		{0ADE208D-2C8D-46AE-A433-2F21505B628C}.Documentation|Any CPU.ActiveCfg = Debug|Any CPU
		{0ADE208D-2C8D-46AE-A433-2F21505B628C}.Documentation|Any CPU.Build.0 = Debug|Any CPU
		{0ADE208D-2C8D-46AE-A433-2F21505B628C}.Release|Any CPU.ActiveCfg = Release|Any CPU
		{0ADE208D-2C8D-46AE-A433-2F21505B628C}.Release|Any CPU.Build.0 = Release|Any CPU
		{4F45064D-15DC-4DE2-9E0F-FD38E241CF4C}.Debug|Any CPU.ActiveCfg = Debug|Any CPU
		{4F45064D-15DC-4DE2-9E0F-FD38E241CF4C}.Debug|Any CPU.Build.0 = Debug|Any CPU
		{4F45064D-15DC-4DE2-9E0F-FD38E241CF4C}.Documentation|Any CPU.ActiveCfg = Debug|Any CPU
		{4F45064D-15DC-4DE2-9E0F-FD38E241CF4C}.Documentation|Any CPU.Build.0 = Debug|Any CPU
		{4F45064D-15DC-4DE2-9E0F-FD38E241CF4C}.Release|Any CPU.ActiveCfg = Release|Any CPU
		{4F45064D-15DC-4DE2-9E0F-FD38E241CF4C}.Release|Any CPU.Build.0 = Release|Any CPU
		{06AC1AC0-3061-4078-8890-9017A016264F}.Debug|Any CPU.ActiveCfg = Debug|Any CPU
		{06AC1AC0-3061-4078-8890-9017A016264F}.Debug|Any CPU.Build.0 = Debug|Any CPU
		{06AC1AC0-3061-4078-8890-9017A016264F}.Documentation|Any CPU.ActiveCfg = Debug|Any CPU
		{06AC1AC0-3061-4078-8890-9017A016264F}.Documentation|Any CPU.Build.0 = Debug|Any CPU
		{06AC1AC0-3061-4078-8890-9017A016264F}.Release|Any CPU.ActiveCfg = Release|Any CPU
		{06AC1AC0-3061-4078-8890-9017A016264F}.Release|Any CPU.Build.0 = Release|Any CPU
	EndGlobalSection
	GlobalSection(SolutionProperties) = preSolution
		HideSolutionNode = FALSE
	EndGlobalSection
	GlobalSection(NestedProjects) = preSolution
		{5162314B-637B-430C-94FE-B387AA60A81B} = {9293D83E-48A0-4A7D-9FC2-0F3F191CFEB9}
		{205892DE-129F-4F77-B5E2-41E863676BFB} = {9293D83E-48A0-4A7D-9FC2-0F3F191CFEB9}
		{E0C2BF09-ECCD-4EC2-B2AE-D376A4A32498} = {9293D83E-48A0-4A7D-9FC2-0F3F191CFEB9}
		{C6EB711C-E1D9-4021-8976-80DF5D64D878} = {9293D83E-48A0-4A7D-9FC2-0F3F191CFEB9}
		{71840644-3821-463D-81B7-7ED0221D2119} = {9293D83E-48A0-4A7D-9FC2-0F3F191CFEB9}
		{06AC1AC0-3061-4078-8890-9017A016264F} = {9293D83E-48A0-4A7D-9FC2-0F3F191CFEB9}
		{0DD839BB-FC9C-4F5B-8AD3-6A9B8B05A2EF} = {AAB76390-02E2-4B9A-9C8B-BC0057E660AC}
		{E56C9E34-EC5D-4A9F-992E-D93BCD82ACEF} = {951F5AA6-FECA-4A78-B5B2-32856CFED612}
		{0401C41A-ED78-4410-B12E-CFCF8C6BAF2C} = {4FFD8740-F10F-453F-97FD-DAE6C34FF0CD}
		{E9B2E16C-32D2-4354-9099-876900E625C0} = {4FFD8740-F10F-453F-97FD-DAE6C34FF0CD}
		{4F45064D-15DC-4DE2-9E0F-FD38E241CF4C} = {4FFD8740-F10F-453F-97FD-DAE6C34FF0CD}
		{0ADE208D-2C8D-46AE-A433-2F21505B628C} = {2609146F-D8B6-43C5-8AAD-CAF08CE85B18}
		{EE13987B-E700-4CC6-9AF8-0BE51FD89A0C} = {2609146F-D8B6-43C5-8AAD-CAF08CE85B18}
	EndGlobalSection
EndGlobal
